
Microsoft Visual Studio Solution File, Format Version 12.00
# Visual Studio 15
VisualStudioVersion = 15.0.28307.136
MinimumVisualStudioVersion = 10.0.40219.1
Project("{FAE04EC0-301F-11D3-BF4B-00C04F79EFBC}") = "ImageMagickTest", "ImageMagickTest\ImageMagickTest.csproj", "{2F814D68-BE1B-462B-A25E-56DE1D4C8735}"
EndProject
Global
	GlobalSection(SolutionConfigurationPlatforms) = preSolution
		Debug|Any CPU = Debug|Any CPU
		Release|Any CPU = Release|Any CPU
	EndGlobalSection
	GlobalSection(ProjectConfigurationPlatforms) = postSolution
		{2F814D68-BE1B-462B-A25E-56DE1D4C8735}.Debug|Any CPU.ActiveCfg = Debug|Any CPU
		{2F814D68-BE1B-462B-A25E-56DE1D4C8735}.Debug|Any CPU.Build.0 = Debug|Any CPU
		{2F814D68-BE1B-462B-A25E-56DE1D4C8735}.Release|Any CPU.ActiveCfg = Release|Any CPU
		{2F814D68-BE1B-462B-A25E-56DE1D4C8735}.Release|Any CPU.Build.0 = Release|Any CPU
	EndGlobalSection
	GlobalSection(SolutionProperties) = preSolution
		HideSolutionNode = FALSE
	EndGlobalSection
	GlobalSection(ExtensibilityGlobals) = postSolution
		SolutionGuid = {C1BC68D4-5ED9-44A3-A8F8-4EFC639C8C93}
	EndGlobalSection
EndGlobal
